Microsoft Visual Studio Solution File, Format Version 12.00
# Visual Studio Version 17
VisualStudioVersion = 17.5.2.0
MinimumVisualStudioVersion = 10.0.40219.1
Project("{FAE04EC0-301F-11D3-BF4B-00C04F79EFBC}") = "ProductCrudApi", "ProductCrudApi\ProductCrudApi.csproj", "{2045C8A6-5CD3-5B23-5299-24FAF8D25719}"
EndProject
Global
	GlobalSection(SolutionConfigurationPlatforms) = preSolution
		Debug|Any CPU = Debug|Any CPU
		Release|Any CPU = Release|Any CPU
	EndGlobalSection
	GlobalSection(ProjectConfigurationPlatforms) = postSolution
		{2045C8A6-5CD3-5B23-5299-24FAF8D25719}.Debug|Any CPU.ActiveCfg = Debug|Any CPU
		{2045C8A6-5CD3-5B23-5299-24FAF8D25719}.Debug|Any CPU.Build.0 = Debug|Any CPU
		{2045C8A6-5CD3-5B23-5299-24FAF8D25719}.Release|Any CPU.ActiveCfg = Release|Any CPU
		{2045C8A6-5CD3-5B23-5299-24FAF8D25719}.Release|Any CPU.Build.0 = Release|Any CPU
	EndGlobalSection
	GlobalSection(SolutionProperties) = preSolution
		HideSolutionNode = FALSE
	EndGlobalSection
	GlobalSection(ExtensibilityGlobals) = postSolution
		SolutionGuid = {655945F3-905E-476A-851B-8CF6EFA74370}
	EndGlobalSection
EndGlobal
