Microsoft Visual Studio Solution File, Format Version 12.00
# Visual Studio Version 17
VisualStudioVersion = 17.5.2.0
MinimumVisualStudioVersion = 10.0.40219.1
Project("{FAE04EC0-301F-11D3-BF4B-00C04F79EFBC}") = "ProductCrudApiV2", "ProductCrudApiV2.csproj", "{613607B4-3E9C-5434-469A-8E7A602EC52D}"
EndProject
Global
	GlobalSection(SolutionConfigurationPlatforms) = preSolution
		Debug|Any CPU = Debug|Any CPU
		Release|Any CPU = Release|Any CPU
	EndGlobalSection
	GlobalSection(ProjectConfigurationPlatforms) = postSolution
		{613607B4-3E9C-5434-469A-8E7A602EC52D}.Debug|Any CPU.ActiveCfg = Debug|Any CPU
		{613607B4-3E9C-5434-469A-8E7A602EC52D}.Debug|Any CPU.Build.0 = Debug|Any CPU
		{613607B4-3E9C-5434-469A-8E7A602EC52D}.Release|Any CPU.ActiveCfg = Release|Any CPU
		{613607B4-3E9C-5434-469A-8E7A602EC52D}.Release|Any CPU.Build.0 = Release|Any CPU
	EndGlobalSection
	GlobalSection(SolutionProperties) = preSolution
		HideSolutionNode = FALSE
	EndGlobalSection
	GlobalSection(ExtensibilityGlobals) = postSolution
		SolutionGuid = {BC66D567-2764-4F94-AA0C-28A124D6F354}
	EndGlobalSection
EndGlobal
